
Microsoft Visual Studio Solution File, Format Version 12.00
# Visual Studio Version 17
VisualStudioVersion = 17.8.34330.188
MinimumVisualStudioVersion = 10.0.40219.1
Project("{FAE04EC0-301F-11D3-BF4B-00C04F79EFBC}") = "JWT-AuthApplication", "JWT-AuthApplication\JWT-AuthApplication.csproj", "{A57C1706-33FF-455E-8993-469A0FB19EB9}"
EndProject
Global
	GlobalSection(SolutionConfigurationPlatforms) = preSolution
		Debug|Any CPU = Debug|Any CPU
		Release|Any CPU = Release|Any CPU
	EndGlobalSection
	GlobalSection(ProjectConfigurationPlatforms) = postSolution
		{A57C1706-33FF-455E-8993-469A0FB19EB9}.Debug|Any CPU.ActiveCfg = Debug|Any CPU
		{A57C1706-33FF-455E-8993-469A0FB19EB9}.Debug|Any CPU.Build.0 = Debug|Any CPU
		{A57C1706-33FF-455E-8993-469A0FB19EB9}.Release|Any CPU.ActiveCfg = Release|Any CPU
		{A57C1706-33FF-455E-8993-469A0FB19EB9}.Release|Any CPU.Build.0 = Release|Any CPU
	EndGlobalSection
	GlobalSection(SolutionProperties) = preSolution
		HideSolutionNode = FALSE
	EndGlobalSection
	GlobalSection(ExtensibilityGlobals) = postSolution
		SolutionGuid = {242354C9-3A06-435F-8CD2-0B330E472C8F}
	EndGlobalSection
EndGlobal
